
Microsoft Visual Studio Solution File, Format Version 12.00
# Visual Studio 15
Project("{FAE04EC0-301F-11D3-BF4B-00C04F79EFBC}") = "Assembly-CSharp", "Assembly-CSharp.csproj", "{36193980-3B02-1347-05CA-713B4AFD0C0D}"
EndProject
Project("{FAE04EC0-301F-11D3-BF4B-00C04F79EFBC}") = "Assembly-CSharp-Editor", "Assembly-CSharp-Editor.csproj", "{121BC36A-FE2F-4299-2824-48675CD90D2D}"
EndProject
Global
	GlobalSection(SolutionConfigurationPlatforms) = preSolution
		Debug|Any CPU = Debug|Any CPU
		Release|Any CPU = Release|Any CPU
	EndGlobalSection
	GlobalSection(ProjectConfigurationPlatforms) = postSolution
		{36193980-3B02-1347-05CA-713B4AFD0C0D}.Debug|Any CPU.ActiveCfg = Debug|Any CPU
		{36193980-3B02-1347-05CA-713B4AFD0C0D}.Debug|Any CPU.Build.0 = Debug|Any CPU
		{36193980-3B02-1347-05CA-713B4AFD0C0D}.Release|Any CPU.ActiveCfg = Release|Any CPU
		{36193980-3B02-1347-05CA-713B4AFD0C0D}.Release|Any CPU.Build.0 = Release|Any CPU
		{121BC36A-FE2F-4299-2824-48675CD90D2D}.Debug|Any CPU.ActiveCfg = Debug|Any CPU
		{121BC36A-FE2F-4299-2824-48675CD90D2D}.Debug|Any CPU.Build.0 = Debug|Any CPU
		{121BC36A-FE2F-4299-2824-48675CD90D2D}.Release|Any CPU.ActiveCfg = Release|Any CPU
		{121BC36A-FE2F-4299-2824-48675CD90D2D}.Release|Any CPU.Build.0 = Release|Any CPU
	EndGlobalSection
	GlobalSection(SolutionProperties) = preSolution
		HideSolutionNode = FALSE
	EndGlobalSection
EndGlobal
